{
  "name": "npm-readme-generator",
  "version": "1.0.0",
  "lockfileVersion": 2,
  "requires": true,
  "packages": {
    "": {
      "name": "npm-readme-generator",
      "version": "1.0.0",
      "license": "ISC",
      "dependencies": {
        "npm-readme-generator": "^1.0.0"
      }
    },
    "node_modules/npm-readme-generator": {
      "version": "1.0.0",
      "resolved": "https://registry.npmjs.org/npm-readme-generator/-/npm-readme-generator-1.0.0.tgz",
      "integrity": "sha512-TLniZHPLZxVGnqCh0VslkLECv+G6VQRC+mLDkL9KvcM2/5PipX4a2jhrie1PO0nVUOBSXfMuKNvh6mfq5WOuOQ=="
    }
  },
  "dependencies": {
    "npm-readme-generator": {
      "version": "1.0.0",
      "resolved": "https://registry.npmjs.org/npm-readme-generator/-/npm-readme-generator-1.0.0.tgz",
      "integrity": "sha512-TLniZHPLZxVGnqCh0VslkLECv+G6VQRC+mLDkL9KvcM2/5PipX4a2jhrie1PO0nVUOBSXfMuKNvh6mfq5WOuOQ=="
    }
  }
}
